// !$*UTF8*$!
{
	archiveVersion = 1;
	classes = {
	};
	objectVersion = 50;
	objects = {

/* Begin PBXBuildFile section */
		87109DB626A73CC4006A8236 /* data.json in Resources */ = {isa = PBXBuildFile; fileRef = 87109DB526A73CC4006A8236 /* data.json */; };
		875AB74026A23EB000D4F632 /* DetailAnimalsViewController.swift in Sources */ = {isa = PBXBuildFile; fileRef = 875AB73F26A23EB000D4F632 /* DetailAnimalsViewController.swift */; };
		875AB74426A250A500D4F632 /* DetailAnimalsView.xib in Resources */ = {isa = PBXBuildFile; fileRef = 875AB74326A250A500D4F632 /* DetailAnimalsView.xib */; };
		876FB07926A27898006D412C /* DetailAnimalsTableViewCell.swift in Sources */ = {isa = PBXBuildFile; fileRef = 876FB07726A27898006D412C /* DetailAnimalsTableViewCell.swift */; };
		876FB07A26A27898006D412C /* DetailAnimalsTableViewCell.xib in Resources */ = {isa = PBXBuildFile; fileRef = 876FB07826A27898006D412C /* DetailAnimalsTableViewCell.xib */; };
		87C18F7B269CF54700F0F813 /* AppDelegate.swift in Sources */ = {isa = PBXBuildFile; fileRef = 87C18F7A269CF54700F0F813 /* AppDelegate.swift */; };
		87C18F7D269CF54700F0F813 /* SceneDelegate.swift in Sources */ = {isa = PBXBuildFile; fileRef = 87C18F7C269CF54700F0F813 /* SceneDelegate.swift */; };
		87C18F7F269CF54700F0F813 /* ViewController.swift in Sources */ = {isa = PBXBuildFile; fileRef = 87C18F7E269CF54700F0F813 /* ViewController.swift */; };
		87C18F82269CF54700F0F813 /* Main.storyboard in Resources */ = {isa = PBXBuildFile; fileRef = 87C18F80269CF54700F0F813 /* Main.storyboard */; };
		87C18F84269CF54800F0F813 /* Assets.xcassets in Resources */ = {isa = PBXBuildFile; fileRef = 87C18F83269CF54800F0F813 /* Assets.xcassets */; };
		87C18F87269CF54800F0F813 /* LaunchScreen.storyboard in Resources */ = {isa = PBXBuildFile; fileRef = 87C18F85269CF54800F0F813 /* LaunchScreen.storyboard */; };
		87C18F92269CF54800F0F813 /* SimpleTableViewWithCellTests.swift in Sources */ = {isa = PBXBuildFile; fileRef = 87C18F91269CF54800F0F813 /* SimpleTableViewWithCellTests.swift */; };
		87C18F9D269CF54800F0F813 /* SimpleTableViewWithCellUITests.swift in Sources */ = {isa = PBXBuildFile; fileRef = 87C18F9C269CF54800F0F813 /* SimpleTableViewWithCellUITests.swift */; };
		87C18FAD269CF6BE00F0F813 /* AnimalsTableViewCell.swift in Sources */ = {isa = PBXBuildFile; fileRef = 87C18FAB269CF6BE00F0F813 /* AnimalsTableViewCell.swift */; };
		87C18FAE269CF6BE00F0F813 /* AnimalsTableViewCell.xib in Resources */ = {isa = PBXBuildFile; fileRef = 87C18FAC269CF6BE00F0F813 /* AnimalsTableViewCell.xib */; };
/* End PBXBuildFile section */

/* Begin PBXContainerItemProxy section */
		87C18F8E269CF54800F0F813 /* PBXContainerItemProxy */ = {
			isa = PBXContainerItemProxy;
			containerPortal = 87C18F6F269CF54700F0F813 /* Project object */;
			proxyType = 1;
			remoteGlobalIDString = 87C18F76269CF54700F0F813;
			remoteInfo = SimpleTableViewWithCell;
		};
		87C18F99269CF54800F0F813 /* PBXContainerItemProxy */ = {
			isa = PBXContainerItemProxy;
			containerPortal = 87C18F6F269CF54700F0F813 /* Project object */;
			proxyType = 1;
			remoteGlobalIDString = 87C18F76269CF54700F0F813;
			remoteInfo = SimpleTableViewWithCell;
		};
/* End PBXContainerItemProxy section */

/* Begin PBXFileReference section */
		87109DB526A73CC4006A8236 /* data.json */ = {isa = PBXFileReference; lastKnownFileType = text.json; path = data.json; sourceTree = "<group>"; };
		875AB73F26A23EB000D4F632 /* DetailAnimalsViewController.swift */ = {isa = PBXFileReference; lastKnownFileType = sourcecode.swift; path = DetailAnimalsViewController.swift; sourceTree = "<group>"; };
		875AB74326A250A500D4F632 /* DetailAnimalsView.xib */ = {isa = PBXFileReference; lastKnownFileType = file.xib; path = DetailAnimalsView.xib; sourceTree = "<group>"; };
		876FB07726A27898006D412C /* DetailAnimalsTableViewCell.swift */ = {isa = PBXFileReference; lastKnownFileType = sourcecode.swift; path = DetailAnimalsTableViewCell.swift; sourceTree = "<group>"; };
		876FB07826A27898006D412C /* DetailAnimalsTableViewCell.xib */ = {isa = PBXFileReference; lastKnownFileType = file.xib; path = DetailAnimalsTableViewCell.xib; sourceTree = "<group>"; };
		87C18F77269CF54700F0F813 /* SimpleTableViewWithCell.app */ = {isa = PBXFileReference; explicitFileType = wrapper.application; includeInIndex = 0; path = SimpleTableViewWithCell.app; sourceTree = BUILT_PRODUCTS_DIR; };
		87C18F7A269CF54700F0F813 /* AppDelegate.swift */ = {isa = PBXFileReference; lastKnownFileType = sourcecode.swift; path = AppDelegate.swift; sourceTree = "<group>"; };
		87C18F7C269CF54700F0F813 /* SceneDelegate.swift */ = {isa = PBXFileReference; lastKnownFileType = sourcecode.swift; path = SceneDelegate.swift; sourceTree = "<group>"; };
		87C18F7E269CF54700F0F813 /* ViewController.swift */ = {isa = PBXFileReference; lastKnownFileType = sourcecode.swift; path = ViewController.swift; sourceTree = "<group>"; };
		87C18F81269CF54700F0F813 /* Base */ = {isa = PBXFileReference; lastKnownFileType = file.storyboard; name = Base; path = Base.lproj/Main.storyboard; sourceTree = "<group>"; };
		87C18F83269CF54800F0F813 /* Assets.xcassets */ = {isa = PBXFileReference; lastKnownFileType = folder.assetcatalog; path = Assets.xcassets; sourceTree = "<group>"; };
		87C18F86269CF54800F0F813 /* Base */ = {isa = PBXFileReference; lastKnownFileType = file.storyboard; name = Base; path = Base.lproj/LaunchScreen.storyboard; sourceTree = "<group>"; };
		87C18F88269CF54800F0F813 /* Info.plist */ = {isa = PBXFileReference; lastKnownFileType = text.plist.xml; path = Info.plist; sourceTree = "<group>"; };
		87C18F8D269CF54800F0F813 /* SimpleTableViewWithCellTests.xctest */ = {isa = PBXFileReference; explicitFileType = wrapper.cfbundle; includeInIndex = 0; path = SimpleTableViewWithCellTests.xctest; sourceTree = BUILT_PRODUCTS_DIR; };
		87C18F91269CF54800F0F813 /* SimpleTableViewWithCellTests.swift */ = {isa = PBXFileReference; lastKnownFileType = sourcecode.swift; path = SimpleTableViewWithCellTests.swift; sourceTree = "<group>"; };
		87C18F93269CF54800F0F813 /* Info.plist */ = {isa = PBXFileReference; lastKnownFileType = text.plist.xml; path = Info.plist; sourceTree = "<group>"; };
		87C18F98269CF54800F0F813 /* SimpleTableViewWithCellUITests.xctest */ = {isa = PBXFileReference; explicitFileType = wrapper.cfbundle; includeInIndex = 0; path = SimpleTableViewWithCellUITests.xctest; sourceTree = BUILT_PRODUCTS_DIR; };
		87C18F9C269CF54800F0F813 /* SimpleTableViewWithCellUITests.swift */ = {isa = PBXFileReference; lastKnownFileType = sourcecode.swift; path = SimpleTableViewWithCellUITests.swift; sourceTree = "<group>"; };
		87C18F9E269CF54800F0F813 /* Info.plist */ = {isa = PBXFileReference; lastKnownFileType = text.plist.xml; path = Info.plist; sourceTree = "<group>"; };
		87C18FAB269CF6BE00F0F813 /* AnimalsTableViewCell.swift */ = {isa = PBXFileReference; lastKnownFileType = sourcecode.swift; path = AnimalsTableViewCell.swift; sourceTree = "<group>"; };
		87C18FAC269CF6BE00F0F813 /* AnimalsTableViewCell.xib */ = {isa = PBXFileReference; lastKnownFileType = file.xib; path = AnimalsTableViewCell.xib; sourceTree = "<group>"; };
/* End PBXFileReference section */

/* Begin PBXFrameworksBuildPhase section */
		87C18F74269CF54700F0F813 /* Frameworks */ = {
			isa = PBXFrameworksBuildPhase;
			buildActionMask = 2147483647;
			files = (
			);
			runOnlyForDeploymentPostprocessing = 0;
		};
		87C18F8A269CF54800F0F813 /* Frameworks */ = {
			isa = PBXFrameworksBuildPhase;
			buildActionMask = 2147483647;
			files = (
			);
			runOnlyForDeploymentPostprocessing = 0;
		};
		87C18F95269CF54800F0F813 /* Frameworks */ = {
			isa = PBXFrameworksBuildPhase;
			buildActionMask = 2147483647;
			files = (
			);
			runOnlyForDeploymentPostprocessing = 0;
		};
/* End PBXFrameworksBuildPhase section */

/* Begin PBXGroup section */
		875AB73E26A23E9400D4F632 /* Detail */ = {
			isa = PBXGroup;
			children = (
				875AB73F26A23EB000D4F632 /* DetailAnimalsViewController.swift */,
				875AB74326A250A500D4F632 /* DetailAnimalsView.xib */,
				876FB07726A27898006D412C /* DetailAnimalsTableViewCell.swift */,
				876FB07826A27898006D412C /* DetailAnimalsTableViewCell.xib */,
			);
			name = Detail;
			sourceTree = "<group>";
		};
		87C18F6E269CF54700F0F813 = {
			isa = PBXGroup;
			children = (
				87C18F79269CF54700F0F813 /* SimpleTableViewWithCell */,
				87C18F90269CF54800F0F813 /* SimpleTableViewWithCellTests */,
				87C18F9B269CF54800F0F813 /* SimpleTableViewWithCellUITests */,
				87C18F78269CF54700F0F813 /* Products */,
			);
			sourceTree = "<group>";
		};
		87C18F78269CF54700F0F813 /* Products */ = {
			isa = PBXGroup;
			children = (
				87C18F77269CF54700F0F813 /* SimpleTableViewWithCell.app */,
				87C18F8D269CF54800F0F813 /* SimpleTableViewWithCellTests.xctest */,
				87C18F98269CF54800F0F813 /* SimpleTableViewWithCellUITests.xctest */,
			);
			name = Products;
			sourceTree = "<group>";
		};
		87C18F79269CF54700F0F813 /* SimpleTableViewWithCell */ = {
			isa = PBXGroup;
			children = (
				875AB73E26A23E9400D4F632 /* Detail */,
				87C18FAA269CF6A500F0F813 /* AnimalsTableViewCell */,
				87C18F7A269CF54700F0F813 /* AppDelegate.swift */,
				87C18F7C269CF54700F0F813 /* SceneDelegate.swift */,
				87C18F7E269CF54700F0F813 /* ViewController.swift */,
				87C18F80269CF54700F0F813 /* Main.storyboard */,
				87C18F83269CF54800F0F813 /* Assets.xcassets */,
				87C18F85269CF54800F0F813 /* LaunchScreen.storyboard */,
				87C18F88269CF54800F0F813 /* Info.plist */,
				87109DB526A73CC4006A8236 /* data.json */,
			);
			path = SimpleTableViewWithCell;
			sourceTree = "<group>";
		};
		87C18F90269CF54800F0F813 /* SimpleTableViewWithCellTests */ = {
			isa = PBXGroup;
			children = (
				87C18F91269CF54800F0F813 /* SimpleTableViewWithCellTests.swift */,
				87C18F93269CF54800F0F813 /* Info.plist */,
			);
			path = SimpleTableViewWithCellTests;
			sourceTree = "<group>";
		};
		87C18F9B269CF54800F0F813 /* SimpleTableViewWithCellUITests */ = {
			isa = PBXGroup;
			children = (
				87C18F9C269CF54800F0F813 /* SimpleTableViewWithCellUITests.swift */,
				87C18F9E269CF54800F0F813 /* Info.plist */,
			);
			path = SimpleTableViewWithCellUITests;
			sourceTree = "<group>";
		};
		87C18FAA269CF6A500F0F813 /* AnimalsTableViewCell */ = {
			isa = PBXGroup;
			children = (
				87C18FAB269CF6BE00F0F813 /* AnimalsTableViewCell.swift */,
				87C18FAC269CF6BE00F0F813 /* AnimalsTableViewCell.xib */,
			);
			name = AnimalsTableViewCell;
			sourceTree = "<group>";
		};
/* End PBXGroup section */

/* Begin PBXNativeTarget section */
		87C18F76269CF54700F0F813 /* SimpleTableViewWithCell */ = {
			isa = PBXNativeTarget;
			buildConfigurationList = 87C18FA1269CF54800F0F813 /* Build configuration list for PBXNativeTarget "SimpleTableViewWithCell" */;
			buildPhases = (
				87C18F73269CF54700F0F813 /* Sources */,
				87C18F74269CF54700F0F813 /* Frameworks */,
				87C18F75269CF54700F0F813 /* Resources */,
			);
			buildRules = (
			);
			dependencies = (
			);
			name = SimpleTableViewWithCell;
			productName = SimpleTableViewWithCell;
			productReference = 87C18F77269CF54700F0F813 /* SimpleTableViewWithCell.app */;
			productType = "com.apple.product-type.application";
		};
		87C18F8C269CF54800F0F813 /* SimpleTableViewWithCellTests */ = {
			isa = PBXNativeTarget;
			buildConfigurationList = 87C18FA4269CF54800F0F813 /* Build configuration list for PBXNativeTarget "SimpleTableViewWithCellTests" */;
			buildPhases = (
				87C18F89269CF54800F0F813 /* Sources */,
				87C18F8A269CF54800F0F813 /* Frameworks */,
				87C18F8B269CF54800F0F813 /* Resources */,
			);
			buildRules = (
			);
			dependencies = (
				87C18F8F269CF54800F0F813 /* PBXTargetDependency */,
			);
			name = SimpleTableViewWithCellTests;
			productName = SimpleTableViewWithCellTests;
			productReference = 87C18F8D269CF54800F0F813 /* SimpleTableViewWithCellTests.xctest */;
			productType = "com.apple.product-type.bundle.unit-test";
		};
		87C18F97269CF54800F0F813 /* SimpleTableViewWithCellUITests */ = {
			isa = PBXNativeTarget;
			buildConfigurationList = 87C18FA7269CF54800F0F813 /* Build configuration list for PBXNativeTarget "SimpleTableViewWithCellUITests" */;
			buildPhases = (
				87C18F94269CF54800F0F813 /* Sources */,
				87C18F95269CF54800F0F813 /* Frameworks */,
				87C18F96269CF54800F0F813 /* Resources */,
			);
			buildRules = (
			);
			dependencies = (
				87C18F9A269CF54800F0F813 /* PBXTargetDependency */,
			);
			name = SimpleTableViewWithCellUITests;
			productName = SimpleTableViewWithCellUITests;
			productReference = 87C18F98269CF54800F0F813 /* SimpleTableViewWithCellUITests.xctest */;
			productType = "com.apple.product-type.bundle.ui-testing";
		};
/* End PBXNativeTarget section */

/* Begin PBXProject section */
		87C18F6F269CF54700F0F813 /* Project object */ = {
			isa = PBXProject;
			attributes = {
				LastSwiftUpdateCheck = 1250;
				LastUpgradeCheck = 1250;
				TargetAttributes = {
					87C18F76269CF54700F0F813 = {
						CreatedOnToolsVersion = 12.5.1;
					};
					87C18F8C269CF54800F0F813 = {
						CreatedOnToolsVersion = 12.5.1;
						TestTargetID = 87C18F76269CF54700F0F813;
					};
					87C18F97269CF54800F0F813 = {
						CreatedOnToolsVersion = 12.5.1;
						TestTargetID = 87C18F76269CF54700F0F813;
					};
				};
			};
			buildConfigurationList = 87C18F72269CF54700F0F813 /* Build configuration list for PBXProject "SimpleTableViewWithCell" */;
			compatibilityVersion = "Xcode 9.3";
			developmentRegion = en;
			hasScannedForEncodings = 0;
			knownRegions = (
				en,
				Base,
			);
			mainGroup = 87C18F6E269CF54700F0F813;
			productRefGroup = 87C18F78269CF54700F0F813 /* Products */;
			projectDirPath = "";
			projectRoot = "";
			targets = (
				87C18F76269CF54700F0F813 /* SimpleTableViewWithCell */,
				87C18F8C269CF54800F0F813 /* SimpleTableViewWithCellTests */,
				87C18F97269CF54800F0F813 /* SimpleTableViewWithCellUITests */,
			);
		};
/* End PBXProject section */

/* Begin PBXResourcesBuildPhase section */
		87C18F75269CF54700F0F813 /* Resources */ = {
			isa = PBXResourcesBuildPhase;
			buildActionMask = 2147483647;
			files = (
				876FB07A26A27898006D412C /* DetailAnimalsTableViewCell.xib in Resources */,
				87109DB626A73CC4006A8236 /* data.json in Resources */,
				87C18F87269CF54800F0F813 /* LaunchScreen.storyboard in Resources */,
				875AB74426A250A500D4F632 /* DetailAnimalsView.xib in Resources */,
				87C18FAE269CF6BE00F0F813 /* AnimalsTableViewCell.xib in Resources */,
				87C18F84269CF54800F0F813 /* Assets.xcassets in Resources */,
				87C18F82269CF54700F0F813 /* Main.storyboard in Resources */,
			);
			runOnlyForDeploymentPostprocessing = 0;
		};
		87C18F8B269CF54800F0F813 /* Resources */ = {
			isa = PBXResourcesBuildPhase;
			buildActionMask = 2147483647;
			files = (
			);
			runOnlyForDeploymentPostprocessing = 0;
		};
		87C18F96269CF54800F0F813 /* Resources */ = {
			isa = PBXResourcesBuildPhase;
			buildActionMask = 2147483647;
			files = (
			);
			runOnlyForDeploymentPostprocessing = 0;
		};
/* End PBXResourcesBuildPhase section */

/* Begin PBXSourcesBuildPhase section */
		87C18F73269CF54700F0F813 /* Sources */ = {
			isa = PBXSourcesBuildPhase;
			buildActionMask = 2147483647;
			files = (
				87C18F7F269CF54700F0F813 /* ViewController.swift in Sources */,
				87C18FAD269CF6BE00F0F813 /* AnimalsTableViewCell.swift in Sources */,
				87C18F7B269CF54700F0F813 /* AppDelegate.swift in Sources */,
				87C18F7D269CF54700F0F813 /* SceneDelegate.swift in Sources */,
				876FB07926A27898006D412C /* DetailAnimalsTableViewCell.swift in Sources */,
				875AB74026A23EB000D4F632 /* DetailAnimalsViewController.swift in Sources */,
			);
			runOnlyForDeploymentPostprocessing = 0;
		};
		87C18F89269CF54800F0F813 /* Sources */ = {
			isa = PBXSourcesBuildPhase;
			buildActionMask = 2147483647;
			files = (
				87C18F92269CF54800F0F813 /* SimpleTableViewWithCellTests.swift in Sources */,
			);
			runOnlyForDeploymentPostprocessing = 0;
		};
		87C18F94269CF54800F0F813 /* Sources */ = {
			isa = PBXSourcesBuildPhase;
			buildActionMask = 2147483647;
			files = (
				87C18F9D269CF54800F0F813 /* SimpleTableViewWithCellUITests.swift in Sources */,
			);
			runOnlyForDeploymentPostprocessing = 0;
		};
/* End PBXSourcesBuildPhase section */

/* Begin PBXTargetDependency section */
		87C18F8F269CF54800F0F813 /* PBXTargetDependency */ = {
			isa = PBXTargetDependency;
			target = 87C18F76269CF54700F0F813 /* SimpleTableViewWithCell */;
			targetProxy = 87C18F8E269CF54800F0F813 /* PBXContainerItemProxy */;
		};
		87C18F9A269CF54800F0F813 /* PBXTargetDependency */ = {
			isa = PBXTargetDependency;
			target = 87C18F76269CF54700F0F813 /* SimpleTableViewWithCell */;
			targetProxy = 87C18F99269CF54800F0F813 /* PBXContainerItemProxy */;
		};
/* End PBXTargetDependency section */

/* Begin PBXVariantGroup section */
		87C18F80269CF54700F0F813 /* Main.storyboard */ = {
			isa = PBXVariantGroup;
			children = (
				87C18F81269CF54700F0F813 /* Base */,
			);
			name = Main.storyboard;
			sourceTree = "<group>";
		};
		87C18F85269CF54800F0F813 /* LaunchScreen.storyboard */ = {
			isa = PBXVariantGroup;
			children = (
				87C18F86269CF54800F0F813 /* Base */,
			);
			name = LaunchScreen.storyboard;
			sourceTree = "<group>";
		};
/* End PBXVariantGroup section */

/* Begin XCBuildConfiguration section */
		87C18F9F269CF54800F0F813 /* Debug */ = {
			isa = XCBuildConfiguration;
			buildSettings = {
				ALWAYS_SEARCH_USER_PATHS = NO;
				CLANG_ANALYZER_NONNULL = YES;
				CLANG_ANALYZER_NUMBER_OBJECT_CONVERSION = YES_AGGRESSIVE;
				CLANG_CXX_LANGUAGE_STANDARD = "gnu++14";
				CLANG_CXX_LIBRARY = "libc++";
				CLANG_ENABLE_MODULES = YES;
				CLANG_ENABLE_OBJC_ARC = YES;
				CLANG_ENABLE_OBJC_WEAK = YES;
				CLANG_WARN_BLOCK_CAPTURE_AUTORELEASING = YES;
				CLANG_WARN_BOOL_CONVERSION = YES;
				CLANG_WARN_COMMA = YES;
				CLANG_WARN_CONSTANT_CONVERSION = YES;
				CLANG_WARN_DEPRECATED_OBJC_IMPLEMENTATIONS = YES;
				CLANG_WARN_DIRECT_OBJC_ISA_USAGE = YES_ERROR;
				CLANG_WARN_DOCUMENTATION_COMMENTS = YES;
				CLANG_WARN_EMPTY_BODY = YES;
				CLANG_WARN_ENUM_CONVERSION = YES;
				CLANG_WARN_INFINITE_RECURSION = YES;
				CLANG_WARN_INT_CONVERSION = YES;
				CLANG_WARN_NON_LITERAL_NULL_CONVERSION = YES;
				CLANG_WARN_OBJC_IMPLICIT_RETAIN_SELF = YES;
				CLANG_WARN_OBJC_LITERAL_CONVERSION = YES;
				CLANG_WARN_OBJC_ROOT_CLASS = YES_ERROR;
				CLANG_WARN_QUOTED_INCLUDE_IN_FRAMEWORK_HEADER = YES;
				CLANG_WARN_RANGE_LOOP_ANALYSIS = YES;
				CLANG_WARN_STRICT_PROTOTYPES = YES;
				CLANG_WARN_SUSPICIOUS_MOVE = YES;
				CLANG_WARN_UNGUARDED_AVAILABILITY = YES_AGGRESSIVE;
				CLANG_WARN_UNREACHABLE_CODE = YES;
				CLANG_WARN__DUPLICATE_METHOD_MATCH = YES;
				COPY_PHASE_STRIP = NO;
				DEBUG_INFORMATION_FORMAT = dwarf;
				ENABLE_STRICT_OBJC_MSGSEND = YES;
				ENABLE_TESTABILITY = YES;
				GCC_C_LANGUAGE_STANDARD = gnu11;
				GCC_DYNAMIC_NO_PIC = NO;
				GCC_NO_COMMON_BLOCKS = YES;
				GCC_OPTIMIZATION_LEVEL = 0;
				GCC_PREPROCESSOR_DEFINITIONS = (
					"DEBUG=1",
					"$(inherited)",
				);
				GCC_WARN_64_TO_32_BIT_CONVERSION = YES;
				GCC_WARN_ABOUT_RETURN_TYPE = YES_ERROR;
				GCC_WARN_UNDECLARED_SELECTOR = YES;
				GCC_WARN_UNINITIALIZED_AUTOS = YES_AGGRESSIVE;
				GCC_WARN_UNUSED_FUNCTION = YES;
				GCC_WARN_UNUSED_VARIABLE = YES;
				IPHONEOS_DEPLOYMENT_TARGET = 14.3;
				MTL_ENABLE_DEBUG_INFO = INCLUDE_SOURCE;
				MTL_FAST_MATH = YES;
				ONLY_ACTIVE_ARCH = YES;
				SDKROOT = iphoneos;
				SWIFT_ACTIVE_COMPILATION_CONDITIONS = DEBUG;
				SWIFT_OPTIMIZATION_LEVEL = "-Onone";
			};
			name = Debug;
		};
		87C18FA0269CF54800F0F813 /* Release */ = {
			isa = XCBuildConfiguration;
			buildSettings = {
				ALWAYS_SEARCH_USER_PATHS = NO;
				CLANG_ANALYZER_NONNULL = YES;
				CLANG_ANALYZER_NUMBER_OBJECT_CONVERSION = YES_AGGRESSIVE;
				CLANG_CXX_LANGUAGE_STANDARD = "gnu++14";
				CLANG_CXX_LIBRARY = "libc++";
				CLANG_ENABLE_MODULES = YES;
				CLANG_ENABLE_OBJC_ARC = YES;
				CLANG_ENABLE_OBJC_WEAK = YES;
				CLANG_WARN_BLOCK_CAPTURE_AUTORELEASING = YES;
				CLANG_WARN_BOOL_CONVERSION = YES;
				CLANG_WARN_COMMA = YES;
				CLANG_WARN_CONSTANT_CONVERSION = YES;
				CLANG_WARN_DEPRECATED_OBJC_IMPLEMENTATIONS = YES;
				CLANG_WARN_DIRECT_OBJC_ISA_USAGE = YES_ERROR;
				CLANG_WARN_DOCUMENTATION_COMMENTS = YES;
				CLANG_WARN_EMPTY_BODY = YES;
				CLANG_WARN_ENUM_CONVERSION = YES;
				CLANG_WARN_INFINITE_RECURSION = YES;
				CLANG_WARN_INT_CONVERSION = YES;
				CLANG_WARN_NON_LITERAL_NULL_CONVERSION = YES;
				CLANG_WARN_OBJC_IMPLICIT_RETAIN_SELF = YES;
				CLANG_WARN_OBJC_LITERAL_CONVERSION = YES;
				CLANG_WARN_OBJC_ROOT_CLASS = YES_ERROR;
				CLANG_WARN_QUOTED_INCLUDE_IN_FRAMEWORK_HEADER = YES;
				CLANG_WARN_RANGE_LOOP_ANALYSIS = YES;
				CLANG_WARN_STRICT_PROTOTYPES = YES;
				CLANG_WARN_SUSPICIOUS_MOVE = YES;
				CLANG_WARN_UNGUARDED_AVAILABILITY = YES_AGGRESSIVE;
				CLANG_WARN_UNREACHABLE_CODE = YES;
				CLANG_WARN__DUPLICATE_METHOD_MATCH = YES;
				COPY_PHASE_STRIP = NO;
				DEBUG_INFORMATION_FORMAT = "dwarf-with-dsym";
				ENABLE_NS_ASSERTIONS = NO;
				ENABLE_STRICT_OBJC_MSGSEND = YES;
				GCC_C_LANGUAGE_STANDARD = gnu11;
				GCC_NO_COMMON_BLOCKS = YES;
				GCC_WARN_64_TO_32_BIT_CONVERSION = YES;
				GCC_WARN_ABOUT_RETURN_TYPE = YES_ERROR;
				GCC_WARN_UNDECLARED_SELECTOR = YES;
				GCC_WARN_UNINITIALIZED_AUTOS = YES_AGGRESSIVE;
				GCC_WARN_UNUSED_FUNCTION = YES;
				GCC_WARN_UNUSED_VARIABLE = YES;
				IPHONEOS_DEPLOYMENT_TARGET = 14.3;
				MTL_ENABLE_DEBUG_INFO = NO;
				MTL_FAST_MATH = YES;
				SDKROOT = iphoneos;
				SWIFT_COMPILATION_MODE = wholemodule;
				SWIFT_OPTIMIZATION_LEVEL = "-O";
				VALIDATE_PRODUCT = YES;
			};
			name = Release;
		};
		87C18FA2269CF54800F0F813 /* Debug */ = {
			isa = XCBuildConfiguration;
			buildSettings = {
				ASSETCATALOG_COMPILER_APPICON_NAME = AppIcon;
				ASSETCATALOG_COMPILER_GLOBAL_ACCENT_COLOR_NAME = AccentColor;
				CODE_SIGN_STYLE = Automatic;
				EXCLUDED_ARCHS = "";
				"EXCLUDED_ARCHS[sdk=iphonesimulator*]" = arm64;
				INFOPLIST_FILE = SimpleTableViewWithCell/Info.plist;
				LD_RUNPATH_SEARCH_PATHS = (
					"$(inherited)",
					"@executable_path/Frameworks",
				);
				MTL_ENABLE_DEBUG_INFO = YES;
				PRODUCT_BUNDLE_IDENTIFIER = fzapata.SimpleTableViewWithCell;
				PRODUCT_NAME = "$(TARGET_NAME)";
				SWIFT_VERSION = 5.0;
				TARGETED_DEVICE_FAMILY = "1,2";
				VALIDATE_WORKSPACE = YES;
			};
			name = Debug;
		};
		87C18FA3269CF54800F0F813 /* Release */ = {
			isa = XCBuildConfiguration;
			buildSettings = {
				ASSETCATALOG_COMPILER_APPICON_NAME = AppIcon;
				ASSETCATALOG_COMPILER_GLOBAL_ACCENT_COLOR_NAME = AccentColor;
				CODE_SIGN_STYLE = Automatic;
				EXCLUDED_ARCHS = "";
				"EXCLUDED_ARCHS[sdk=iphonesimulator*]" = arm64;
				INFOPLIST_FILE = SimpleTableViewWithCell/Info.plist;
				LD_RUNPATH_SEARCH_PATHS = (
					"$(inherited)",
					"@executable_path/Frameworks",
				);
				PRODUCT_BUNDLE_IDENTIFIER = fzapata.SimpleTableViewWithCell;
				PRODUCT_NAME = "$(TARGET_NAME)";
				SWIFT_VERSION = 5.0;
				TARGETED_DEVICE_FAMILY = "1,2";
				VALIDATE_WORKSPACE = YES;
			};
			name = Release;
		};
		87C18FA5269CF54800F0F813 /* Debug */ = {
			isa = XCBuildConfiguration;
			buildSettings = {
				ALWAYS_EMBED_SWIFT_STANDARD_LIBRARIES = YES;
				BUNDLE_LOADER = "$(TEST_HOST)";
				CODE_SIGN_STYLE = Automatic;
				INFOPLIST_FILE = SimpleTableViewWithCellTests/Info.plist;
				IPHONEOS_DEPLOYMENT_TARGET = 14.5;
				LD_RUNPATH_SEARCH_PATHS = (
					"$(inherited)",
					"@executable_path/Frameworks",
					"@loader_path/Frameworks",
				);
				PRODUCT_BUNDLE_IDENTIFIER = fzapata.SimpleTableViewWithCellTests;
				PRODUCT_NAME = "$(TARGET_NAME)";
				SWIFT_VERSION = 5.0;
				TARGETED_DEVICE_FAMILY = "1,2";
				TEST_HOST = "$(BUILT_PRODUCTS_DIR)/SimpleTableViewWithCell.app/SimpleTableViewWithCell";
			};
			name = Debug;
		};
		87C18FA6269CF54800F0F813 /* Release */ = {
			isa = XCBuildConfiguration;
			buildSettings = {
				ALWAYS_EMBED_SWIFT_STANDARD_LIBRARIES = YES;
				BUNDLE_LOADER = "$(TEST_HOST)";
				CODE_SIGN_STYLE = Automatic;
				INFOPLIST_FILE = SimpleTableViewWithCellTests/Info.plist;
				IPHONEOS_DEPLOYMENT_TARGET = 14.5;
				LD_RUNPATH_SEARCH_PATHS = (
					"$(inherited)",
					"@executable_path/Frameworks",
					"@loader_path/Frameworks",
				);
				PRODUCT_BUNDLE_IDENTIFIER = fzapata.SimpleTableViewWithCellTests;
				PRODUCT_NAME = "$(TARGET_NAME)";
				SWIFT_VERSION = 5.0;
				TARGETED_DEVICE_FAMILY = "1,2";
				TEST_HOST = "$(BUILT_PRODUCTS_DIR)/SimpleTableViewWithCell.app/SimpleTableViewWithCell";
			};
			name = Release;
		};
		87C18FA8269CF54800F0F813 /* Debug */ = {
			isa = XCBuildConfiguration;
			buildSettings = {
				ALWAYS_EMBED_SWIFT_STANDARD_LIBRARIES = YES;
				CODE_SIGN_STYLE = Automatic;
				INFOPLIST_FILE = SimpleTableViewWithCellUITests/Info.plist;
				LD_RUNPATH_SEARCH_PATHS = (
					"$(inherited)",
					"@executable_path/Frameworks",
					"@loader_path/Frameworks",
				);
				PRODUCT_BUNDLE_IDENTIFIER = fzapata.SimpleTableViewWithCellUITests;
				PRODUCT_NAME = "$(TARGET_NAME)";
				SWIFT_VERSION = 5.0;
				TARGETED_DEVICE_FAMILY = "1,2";
				TEST_TARGET_NAME = SimpleTableViewWithCell;
			};
			name = Debug;
		};
		87C18FA9269CF54800F0F813 /* Release */ = {
			isa = XCBuildConfiguration;
			buildSettings = {
				ALWAYS_EMBED_SWIFT_STANDARD_LIBRARIES = YES;
				CODE_SIGN_STYLE = Automatic;
				INFOPLIST_FILE = SimpleTableViewWithCellUITests/Info.plist;
				LD_RUNPATH_SEARCH_PATHS = (
					"$(inherited)",
					"@executable_path/Frameworks",
					"@loader_path/Frameworks",
				);
				PRODUCT_BUNDLE_IDENTIFIER = fzapata.SimpleTableViewWithCellUITests;
				PRODUCT_NAME = "$(TARGET_NAME)";
				SWIFT_VERSION = 5.0;
				TARGETED_DEVICE_FAMILY = "1,2";
				TEST_TARGET_NAME = SimpleTableViewWithCell;
			};
			name = Release;
		};
/* End XCBuildConfiguration section */

/* Begin XCConfigurationList section */
		87C18F72269CF54700F0F813 /* Build configuration list for PBXProject "SimpleTableViewWithCell" */ = {
			isa = XCConfigurationList;
			buildConfigurations = (
				87C18F9F269CF54800F0F813 /* Debug */,
				87C18FA0269CF54800F0F813 /* Release */,
			);
			defaultConfigurationIsVisible = 0;
			defaultConfigurationName = Release;
		};
		87C18FA1269CF54800F0F813 /* Build configuration list for PBXNativeTarget "SimpleTableViewWithCell" */ = {
			isa = XCConfigurationList;
			buildConfigurations = (
				87C18FA2269CF54800F0F813 /* Debug */,
				87C18FA3269CF54800F0F813 /* Release */,
			);
			defaultConfigurationIsVisible = 0;
			defaultConfigurationName = Release;
		};
		87C18FA4269CF54800F0F813 /* Build configuration list for PBXNativeTarget "SimpleTableViewWithCellTests" */ = {
			isa = XCConfigurationList;
			buildConfigurations = (
				87C18FA5269CF54800F0F813 /* Debug */,
				87C18FA6269CF54800F0F813 /* Release */,
			);
			defaultConfigurationIsVisible = 0;
			defaultConfigurationName = Release;
		};
		87C18FA7269CF54800F0F813 /* Build configuration list for PBXNativeTarget "SimpleTableViewWithCellUITests" */ = {
			isa = XCConfigurationList;
			buildConfigurations = (
				87C18FA8269CF54800F0F813 /* Debug */,
				87C18FA9269CF54800F0F813 /* Release */,
			);
			defaultConfigurationIsVisible = 0;
			defaultConfigurationName = Release;
		};
/* End XCConfigurationList section */
	};
	rootObject = 87C18F6F269CF54700F0F813 /* Project object */;
}
